{
  "name": "communication",
  "version": "1.0.0",
  "lockfileVersion": 1,
  "requires": true,
  "dependencies": {
    "@matterlabs/zksync-contracts": {
      "version": "0.1.0",
      "resolved": "https://registry.npmmirror.com/@matterlabs/zksync-contracts/-/zksync-contracts-0.1.0.tgz",
      "integrity": "sha512-BP36eWERxMQRMzBCxHhNu+ENk0S09BGcal+6jN6mc2wd/ejddP81+qXjcjAt8tUHtEEad7AKI8SO7vHqS5EwCg=="
    }
  }
}
